
Microsoft Visual Studio Solution File, Format Version 12.00
# Visual Studio 15
VisualStudioVersion = 15.0.26228.9
MinimumVisualStudioVersion = 10.0.40219.1
Project("{FAE04EC0-301F-11D3-BF4B-00C04F79EFBC}") = "AspNetIdentity", "AspNetIdentity\AspNetIdentity.csproj", "{A48F503C-8004-450D-8914-E406A683FBCB}"
EndProject
Global
	GlobalSection(SolutionConfigurationPlatforms) = preSolution
		Debug|Any CPU = Debug|Any CPU
		Release|Any CPU = Release|Any CPU
	EndGlobalSection
	GlobalSection(ProjectConfigurationPlatforms) = postSolution
		{A48F503C-8004-450D-8914-E406A683FBCB}.Debug|Any CPU.ActiveCfg = Debug|Any CPU
		{A48F503C-8004-450D-8914-E406A683FBCB}.Debug|Any CPU.Build.0 = Debug|Any CPU
		{A48F503C-8004-450D-8914-E406A683FBCB}.Release|Any CPU.ActiveCfg = Release|Any CPU
		{A48F503C-8004-450D-8914-E406A683FBCB}.Release|Any CPU.Build.0 = Release|Any CPU
	EndGlobalSection
	GlobalSection(SolutionProperties) = preSolution
		HideSolutionNode = FALSE
	EndGlobalSection
EndGlobal
